
Microsoft Visual Studio Solution File, Format Version 12.00
# Visual Studio 15
VisualStudioVersion = 15.0.28307.779
MinimumVisualStudioVersion = 10.0.40219.1
Project("{8BC9CEB8-8B4A-11D0-8D11-00A0C91BC942}") = "BaseProject", "BaseProject\BaseProject.vcxproj", "{7FD42DF7-442E-479A-BA76-D0022F99702A}"
EndProject
Project("{8BC9CEB8-8B4A-11D0-8D11-00A0C91BC942}") = "openFrameworksLib", "..\..\of_v0.10.1_vs2017_release\libs\openFrameworksCompiled\project\vs\openFrameworksLib.vcxproj", "{5837595D-ACA9-485C-8E76-729040CE4B0B}"
EndProject
Project("{2150E333-8FDC-42A3-9474-1A3956D46DE8}") = "Solution Items", "Solution Items", "{51BB105E-D704-4559-A2F6-B42596E00D3A}"
	ProjectSection(SolutionItems) = preProject
		.gitattributes = .gitattributes
		.gitignore = .gitignore
		README.MD = README.MD
	EndProjectSection
EndProject
Project("{8BC9CEB8-8B4A-11D0-8D11-00A0C91BC942}") = "ParticleBlur", "ParticleBlur\ParticleBlur.vcxproj", "{C9BB4A6B-CEC7-4804-9CDF-AEBC5993504E}"
EndProject
Global
	GlobalSection(SolutionConfigurationPlatforms) = preSolution
		Debug|x64 = Debug|x64
		Debug|x86 = Debug|x86
		Release|x64 = Release|x64
		Release|x86 = Release|x86
	EndGlobalSection
	GlobalSection(ProjectConfigurationPlatforms) = postSolution
		{7FD42DF7-442E-479A-BA76-D0022F99702A}.Debug|x64.ActiveCfg = Debug|x64
		{7FD42DF7-442E-479A-BA76-D0022F99702A}.Debug|x64.Build.0 = Debug|x64
		{7FD42DF7-442E-479A-BA76-D0022F99702A}.Debug|x86.ActiveCfg = Debug|Win32
		{7FD42DF7-442E-479A-BA76-D0022F99702A}.Debug|x86.Build.0 = Debug|Win32
		{7FD42DF7-442E-479A-BA76-D0022F99702A}.Release|x64.ActiveCfg = Release|x64
		{7FD42DF7-442E-479A-BA76-D0022F99702A}.Release|x64.Build.0 = Release|x64
		{7FD42DF7-442E-479A-BA76-D0022F99702A}.Release|x86.ActiveCfg = Release|Win32
		{7FD42DF7-442E-479A-BA76-D0022F99702A}.Release|x86.Build.0 = Release|Win32
		{5837595D-ACA9-485C-8E76-729040CE4B0B}.Debug|x64.ActiveCfg = Debug|x64
		{5837595D-ACA9-485C-8E76-729040CE4B0B}.Debug|x64.Build.0 = Debug|x64
		{5837595D-ACA9-485C-8E76-729040CE4B0B}.Debug|x86.ActiveCfg = Debug|Win32
		{5837595D-ACA9-485C-8E76-729040CE4B0B}.Debug|x86.Build.0 = Debug|Win32
		{5837595D-ACA9-485C-8E76-729040CE4B0B}.Release|x64.ActiveCfg = Release|x64
		{5837595D-ACA9-485C-8E76-729040CE4B0B}.Release|x64.Build.0 = Release|x64
		{5837595D-ACA9-485C-8E76-729040CE4B0B}.Release|x86.ActiveCfg = Release|Win32
		{5837595D-ACA9-485C-8E76-729040CE4B0B}.Release|x86.Build.0 = Release|Win32
		{C9BB4A6B-CEC7-4804-9CDF-AEBC5993504E}.Debug|x64.ActiveCfg = Debug|x64
		{C9BB4A6B-CEC7-4804-9CDF-AEBC5993504E}.Debug|x64.Build.0 = Debug|x64
		{C9BB4A6B-CEC7-4804-9CDF-AEBC5993504E}.Debug|x86.ActiveCfg = Debug|Win32
		{C9BB4A6B-CEC7-4804-9CDF-AEBC5993504E}.Debug|x86.Build.0 = Debug|Win32
		{C9BB4A6B-CEC7-4804-9CDF-AEBC5993504E}.Release|x64.ActiveCfg = Release|x64
		{C9BB4A6B-CEC7-4804-9CDF-AEBC5993504E}.Release|x64.Build.0 = Release|x64
		{C9BB4A6B-CEC7-4804-9CDF-AEBC5993504E}.Release|x86.ActiveCfg = Release|Win32
		{C9BB4A6B-CEC7-4804-9CDF-AEBC5993504E}.Release|x86.Build.0 = Release|Win32
	EndGlobalSection
	GlobalSection(SolutionProperties) = preSolution
		HideSolutionNode = FALSE
	EndGlobalSection
	GlobalSection(ExtensibilityGlobals) = postSolution
		SolutionGuid = {8CE6C50F-B59F-448C-91E8-92D57D888CFE}
	EndGlobalSection
EndGlobal
